
Microsoft Visual Studio Solution File, Format Version 12.00
# Visual Studio for Mac
Project("{FAE04EC0-301F-11D3-BF4B-00C04F79EFBC}") = "Assembly-CSharp", "Assembly-CSharp.csproj", "{651A5F00-968A-69F9-F2FD-18100902A766}"
EndProject
Project("{FAE04EC0-301F-11D3-BF4B-00C04F79EFBC}") = "Assembly-CSharp-Editor", "Assembly-CSharp-Editor.csproj", "{3FB78533-3B79-4A40-3FE9-60FE4D3697E9}"
EndProject
Global
	GlobalSection(SolutionConfigurationPlatforms) = preSolution
		Debug|Any CPU = Debug|Any CPU
		Release|Any CPU = Release|Any CPU
	EndGlobalSection
	GlobalSection(ProjectConfigurationPlatforms) = postSolution
		{651A5F00-968A-69F9-F2FD-18100902A766}.Debug|Any CPU.ActiveCfg = Debug|Any CPU
		{651A5F00-968A-69F9-F2FD-18100902A766}.Debug|Any CPU.Build.0 = Debug|Any CPU
		{651A5F00-968A-69F9-F2FD-18100902A766}.Release|Any CPU.ActiveCfg = Release|Any CPU
		{651A5F00-968A-69F9-F2FD-18100902A766}.Release|Any CPU.Build.0 = Release|Any CPU
		{3FB78533-3B79-4A40-3FE9-60FE4D3697E9}.Debug|Any CPU.ActiveCfg = Debug|Any CPU
		{3FB78533-3B79-4A40-3FE9-60FE4D3697E9}.Debug|Any CPU.Build.0 = Debug|Any CPU
		{3FB78533-3B79-4A40-3FE9-60FE4D3697E9}.Release|Any CPU.ActiveCfg = Release|Any CPU
		{3FB78533-3B79-4A40-3FE9-60FE4D3697E9}.Release|Any CPU.Build.0 = Release|Any CPU
	EndGlobalSection
	GlobalSection(SolutionProperties) = preSolution
		HideSolutionNode = FALSE
	EndGlobalSection
EndGlobal
